
Microsoft Visual Studio Solution File, Format Version 12.00
# Visual Studio Version 17
VisualStudioVersion = 17.11.35303.130
MinimumVisualStudioVersion = 10.0.40219.1
Project("{FAE04EC0-301F-11D3-BF4B-00C04F79EFBC}") = "Bai03", "Bai03.csproj", "{2D469F54-1407-4B64-BEEA-E85D819961CB}"
EndProject
Global
	GlobalSection(SolutionConfigurationPlatforms) = preSolution
		Debug|Any CPU = Debug|Any CPU
		Release|Any CPU = Release|Any CPU
	EndGlobalSection
	GlobalSection(ProjectConfigurationPlatforms) = postSolution
		{2D469F54-1407-4B64-BEEA-E85D819961CB}.Debug|Any CPU.ActiveCfg = Debug|Any CPU
		{2D469F54-1407-4B64-BEEA-E85D819961CB}.Debug|Any CPU.Build.0 = Debug|Any CPU
		{2D469F54-1407-4B64-BEEA-E85D819961CB}.Release|Any CPU.ActiveCfg = Release|Any CPU
		{2D469F54-1407-4B64-BEEA-E85D819961CB}.Release|Any CPU.Build.0 = Release|Any CPU
	EndGlobalSection
	GlobalSection(SolutionProperties) = preSolution
		HideSolutionNode = FALSE
	EndGlobalSection
	GlobalSection(ExtensibilityGlobals) = postSolution
		SolutionGuid = {3D6B4374-DA00-4588-846D-0ED7AC6A1EE7}
	EndGlobalSection
EndGlobal
